<?xml version="1.0" encoding="utf-8"?>
<Project ToolsVersion="4.0" xmlns="http://schemas.microsoft.com/developer/msbuild/2003">
  <ItemGroup>
    <Filter Include="main">
      <UniqueIdentifier>{d6625a41-b988-4cf5-b6b1-f5f557ff5904}</UniqueIdentifier>
    </Filter>
  </ItemGroup>
  <ItemGroup>
    <ClCompile Include="main.cpp">
      <Filter>main</Filter>
    </ClCompile>
    <ClCompile Include="appointment.cpp">
      <Filter>main</Filter>
    </ClCompile>
    <ClCompile Include="database.cpp">
      <Filter>main</Filter>
    </ClCompile>
    <ClCompile Include="doctor.cpp">
      <Filter>main</Filter>
    </ClCompile>
    <ClCompile Include="medical_record.cpp">
      <Filter>main</Filter>
    </ClCompile>
    <ClCompile Include="patient.cpp">
      <Filter>main</Filter>
    </ClCompile>
    <ClCompile Include="menu.cpp">
      <Filter>main</Filter>
    </ClCompile>
  </ItemGroup>
  <ItemGroup>
    <ClInclude Include="appointment.h">
      <Filter>main</Filter>
    </ClInclude>
    <ClInclude Include="libs.h">
      <Filter>main</Filter>
    </ClInclude>
    <ClInclude Include="database.h">
      <Filter>main</Filter>
    </ClInclude>
    <ClInclude Include="doctor.h">
      <Filter>main</Filter>
    </ClInclude>
    <ClInclude Include="medical_record.h">
      <Filter>main</Filter>
    </ClInclude>
    <ClInclude Include="patient.h">
      <Filter>main</Filter>
    </ClInclude>
    <ClInclude Include="menu.h">
      <Filter>main</Filter>
    </ClInclude>
  </ItemGroup>
</Project>